// !$*UTF8*$!
{
	archiveVersion = 1;
	classes = {
	};
	objectVersion = 56;
	objects = {

/* Begin PBXBuildFile section */
		454CECC529309633001C5723 /* ActivityPractiseApp.swift in Sources */ = {isa = PBXBuildFile; fileRef = 454CECC429309633001C5723 /* ActivityPractiseApp.swift */; };
		454CECC729309633001C5723 /* ContentView.swift in Sources */ = {isa = PBXBuildFile; fileRef = 454CECC629309633001C5723 /* ContentView.swift */; };
		454CECC929309634001C5723 /* Assets.xcassets in Resources */ = {isa = PBXBuildFile; fileRef = 454CECC829309634001C5723 /* Assets.xcassets */; };
		454CECCC29309634001C5723 /* Preview Assets.xcassets in Resources */ = {isa = PBXBuildFile; fileRef = 454CECCB29309634001C5723 /* Preview Assets.xcassets */; };
		454CECD92930968D001C5723 /* WidgetKit.framework in Frameworks */ = {isa = PBXBuildFile; fileRef = 454CECD82930968D001C5723 /* WidgetKit.framework */; };
		454CECDB2930968D001C5723 /* SwiftUI.framework in Frameworks */ = {isa = PBXBuildFile; fileRef = 454CECDA2930968D001C5723 /* SwiftUI.framework */; };
		454CECDE2930968D001C5723 /* PracticeWidgetBundle.swift in Sources */ = {isa = PBXBuildFile; fileRef = 454CECDD2930968D001C5723 /* PracticeWidgetBundle.swift */; };
		454CECE02930968D001C5723 /* PracticeWidget.swift in Sources */ = {isa = PBXBuildFile; fileRef = 454CECDF2930968D001C5723 /* PracticeWidget.swift */; };
		454CECE22930968E001C5723 /* Assets.xcassets in Resources */ = {isa = PBXBuildFile; fileRef = 454CECE12930968E001C5723 /* Assets.xcassets */; };
		454CECE62930968E001C5723 /* PracticeWidgetExtension.appex in Embed Foundation Extensions */ = {isa = PBXBuildFile; fileRef = 454CECD62930968D001C5723 /* PracticeWidgetExtension.appex */; settings = {ATTRIBUTES = (RemoveHeadersOnCopy, ); }; };
		454CECEC29309899001C5723 /* TimerAttributes.swift in Sources */ = {isa = PBXBuildFile; fileRef = 454CECEB29309899001C5723 /* TimerAttributes.swift */; };
		454CECED29309906001C5723 /* TimerAttributes.swift in Sources */ = {isa = PBXBuildFile; fileRef = 454CECEB29309899001C5723 /* TimerAttributes.swift */; };
/* End PBXBuildFile section */

/* Begin PBXContainerItemProxy section */
		454CECE42930968E001C5723 /* PBXContainerItemProxy */ = {
			isa = PBXContainerItemProxy;
			containerPortal = 454CECB929309633001C5723 /* Project object */;
			proxyType = 1;
			remoteGlobalIDString = 454CECD52930968D001C5723;
			remoteInfo = PracticeWidgetExtension;
		};
/* End PBXContainerItemProxy section */

/* Begin PBXCopyFilesBuildPhase section */
		454CECEA2930968E001C5723 /* Embed Foundation Extensions */ = {
			isa = PBXCopyFilesBuildPhase;
			buildActionMask = 2147483647;
			dstPath = "";
			dstSubfolderSpec = 13;
			files = (
				454CECE62930968E001C5723 /* PracticeWidgetExtension.appex in Embed Foundation Extensions */,
			);
			name = "Embed Foundation Extensions";
			runOnlyForDeploymentPostprocessing = 0;
		};
/* End PBXCopyFilesBuildPhase section */

/* Begin PBXFileReference section */
		454CECC129309633001C5723 /* ActivityPractise.app */ = {isa = PBXFileReference; explicitFileType = wrapper.application; includeInIndex = 0; path = ActivityPractise.app; sourceTree = BUILT_PRODUCTS_DIR; };
		454CECC429309633001C5723 /* ActivityPractiseApp.swift */ = {isa = PBXFileReference; lastKnownFileType = sourcecode.swift; path = ActivityPractiseApp.swift; sourceTree = "<group>"; };
		454CECC629309633001C5723 /* ContentView.swift */ = {isa = PBXFileReference; lastKnownFileType = sourcecode.swift; path = ContentView.swift; sourceTree = "<group>"; };
		454CECC829309634001C5723 /* Assets.xcassets */ = {isa = PBXFileReference; lastKnownFileType = folder.assetcatalog; path = Assets.xcassets; sourceTree = "<group>"; };
		454CECCB29309634001C5723 /* Preview Assets.xcassets */ = {isa = PBXFileReference; lastKnownFileType = folder.assetcatalog; path = "Preview Assets.xcassets"; sourceTree = "<group>"; };
		454CECD62930968D001C5723 /* PracticeWidgetExtension.appex */ = {isa = PBXFileReference; explicitFileType = "wrapper.app-extension"; includeInIndex = 0; path = PracticeWidgetExtension.appex; sourceTree = BUILT_PRODUCTS_DIR; };
		454CECD82930968D001C5723 /* WidgetKit.framework */ = {isa = PBXFileReference; lastKnownFileType = wrapper.framework; name = WidgetKit.framework; path = System/Library/Frameworks/WidgetKit.framework; sourceTree = SDKROOT; };
		454CECDA2930968D001C5723 /* SwiftUI.framework */ = {isa = PBXFileReference; lastKnownFileType = wrapper.framework; name = SwiftUI.framework; path = System/Library/Frameworks/SwiftUI.framework; sourceTree = SDKROOT; };
		454CECDD2930968D001C5723 /* PracticeWidgetBundle.swift */ = {isa = PBXFileReference; lastKnownFileType = sourcecode.swift; path = PracticeWidgetBundle.swift; sourceTree = "<group>"; };
		454CECDF2930968D001C5723 /* PracticeWidget.swift */ = {isa = PBXFileReference; lastKnownFileType = sourcecode.swift; path = PracticeWidget.swift; sourceTree = "<group>"; };
		454CECE12930968E001C5723 /* Assets.xcassets */ = {isa = PBXFileReference; lastKnownFileType = folder.assetcatalog; path = Assets.xcassets; sourceTree = "<group>"; };
		454CECE32930968E001C5723 /* Info.plist */ = {isa = PBXFileReference; lastKnownFileType = text.plist.xml; path = Info.plist; sourceTree = "<group>"; };
		454CECEB29309899001C5723 /* TimerAttributes.swift */ = {isa = PBXFileReference; lastKnownFileType = sourcecode.swift; path = TimerAttributes.swift; sourceTree = "<group>"; };
/* End PBXFileReference section */

/* Begin PBXFrameworksBuildPhase section */
		454CECBE29309633001C5723 /* Frameworks */ = {
			isa = PBXFrameworksBuildPhase;
			buildActionMask = 2147483647;
			files = (
			);
			runOnlyForDeploymentPostprocessing = 0;
		};
		454CECD32930968D001C5723 /* Frameworks */ = {
			isa = PBXFrameworksBuildPhase;
			buildActionMask = 2147483647;
			files = (
				454CECDB2930968D001C5723 /* SwiftUI.framework in Frameworks */,
				454CECD92930968D001C5723 /* WidgetKit.framework in Frameworks */,
			);
			runOnlyForDeploymentPostprocessing = 0;
		};
/* End PBXFrameworksBuildPhase section */

/* Begin PBXGroup section */
		454CECB829309633001C5723 = {
			isa = PBXGroup;
			children = (
				454CECC329309633001C5723 /* ActivityPractise */,
				454CECDC2930968D001C5723 /* PracticeWidget */,
				454CECD72930968D001C5723 /* Frameworks */,
				454CECC229309633001C5723 /* Products */,
			);
			sourceTree = "<group>";
		};
		454CECC229309633001C5723 /* Products */ = {
			isa = PBXGroup;
			children = (
				454CECC129309633001C5723 /* ActivityPractise.app */,
				454CECD62930968D001C5723 /* PracticeWidgetExtension.appex */,
			);
			name = Products;
			sourceTree = "<group>";
		};
		454CECC329309633001C5723 /* ActivityPractise */ = {
			isa = PBXGroup;
			children = (
				454CECC429309633001C5723 /* ActivityPractiseApp.swift */,
				454CECC629309633001C5723 /* ContentView.swift */,
				454CECC829309634001C5723 /* Assets.xcassets */,
				454CECCA29309634001C5723 /* Preview Content */,
				454CECEB29309899001C5723 /* TimerAttributes.swift */,
			);
			path = ActivityPractise;
			sourceTree = "<group>";
		};
		454CECCA29309634001C5723 /* Preview Content */ = {
			isa = PBXGroup;
			children = (
				454CECCB29309634001C5723 /* Preview Assets.xcassets */,
			);
			path = "Preview Content";
			sourceTree = "<group>";
		};
		454CECD72930968D001C5723 /* Frameworks */ = {
			isa = PBXGroup;
			children = (
				454CECD82930968D001C5723 /* WidgetKit.framework */,
				454CECDA2930968D001C5723 /* SwiftUI.framework */,
			);
			name = Frameworks;
			sourceTree = "<group>";
		};
		454CECDC2930968D001C5723 /* PracticeWidget */ = {
			isa = PBXGroup;
			children = (
				454CECDD2930968D001C5723 /* PracticeWidgetBundle.swift */,
				454CECDF2930968D001C5723 /* PracticeWidget.swift */,
				454CECE12930968E001C5723 /* Assets.xcassets */,
				454CECE32930968E001C5723 /* Info.plist */,
			);
			path = PracticeWidget;
			sourceTree = "<group>";
		};
/* End PBXGroup section */

/* Begin PBXNativeTarget section */
		454CECC029309633001C5723 /* ActivityPractise */ = {
			isa = PBXNativeTarget;
			buildConfigurationList = 454CECCF29309634001C5723 /* Build configuration list for PBXNativeTarget "ActivityPractise" */;
			buildPhases = (
				454CECBD29309633001C5723 /* Sources */,
				454CECBE29309633001C5723 /* Frameworks */,
				454CECBF29309633001C5723 /* Resources */,
				454CECEA2930968E001C5723 /* Embed Foundation Extensions */,
			);
			buildRules = (
			);
			dependencies = (
				454CECE52930968E001C5723 /* PBXTargetDependency */,
			);
			name = ActivityPractise;
			productName = ActivityPractise;
			productReference = 454CECC129309633001C5723 /* ActivityPractise.app */;
			productType = "com.apple.product-type.application";
		};
		454CECD52930968D001C5723 /* PracticeWidgetExtension */ = {
			isa = PBXNativeTarget;
			buildConfigurationList = 454CECE72930968E001C5723 /* Build configuration list for PBXNativeTarget "PracticeWidgetExtension" */;
			buildPhases = (
				454CECD22930968D001C5723 /* Sources */,
				454CECD32930968D001C5723 /* Frameworks */,
				454CECD42930968D001C5723 /* Resources */,
			);
			buildRules = (
			);
			dependencies = (
			);
			name = PracticeWidgetExtension;
			productName = PracticeWidgetExtension;
			productReference = 454CECD62930968D001C5723 /* PracticeWidgetExtension.appex */;
			productType = "com.apple.product-type.app-extension";
		};
/* End PBXNativeTarget section */

/* Begin PBXProject section */
		454CECB929309633001C5723 /* Project object */ = {
			isa = PBXProject;
			attributes = {
				BuildIndependentTargetsInParallel = 1;
				LastSwiftUpdateCheck = 1410;
				LastUpgradeCheck = 1410;
				TargetAttributes = {
					454CECC029309633001C5723 = {
						CreatedOnToolsVersion = 14.1;
					};
					454CECD52930968D001C5723 = {
						CreatedOnToolsVersion = 14.1;
					};
				};
			};
			buildConfigurationList = 454CECBC29309633001C5723 /* Build configuration list for PBXProject "ActivityPractise" */;
			compatibilityVersion = "Xcode 14.0";
			developmentRegion = en;
			hasScannedForEncodings = 0;
			knownRegions = (
				en,
				Base,
			);
			mainGroup = 454CECB829309633001C5723;
			productRefGroup = 454CECC229309633001C5723 /* Products */;
			projectDirPath = "";
			projectRoot = "";
			targets = (
				454CECC029309633001C5723 /* ActivityPractise */,
				454CECD52930968D001C5723 /* PracticeWidgetExtension */,
			);
		};
/* End PBXProject section */

/* Begin PBXResourcesBuildPhase section */
		454CECBF29309633001C5723 /* Resources */ = {
			isa = PBXResourcesBuildPhase;
			buildActionMask = 2147483647;
			files = (
				454CECCC29309634001C5723 /* Preview Assets.xcassets in Resources */,
				454CECC929309634001C5723 /* Assets.xcassets in Resources */,
			);
			runOnlyForDeploymentPostprocessing = 0;
		};
		454CECD42930968D001C5723 /* Resources */ = {
			isa = PBXResourcesBuildPhase;
			buildActionMask = 2147483647;
			files = (
				454CECE22930968E001C5723 /* Assets.xcassets in Resources */,
			);
			runOnlyForDeploymentPostprocessing = 0;
		};
/* End PBXResourcesBuildPhase section */

/* Begin PBXSourcesBuildPhase section */
		454CECBD29309633001C5723 /* Sources */ = {
			isa = PBXSourcesBuildPhase;
			buildActionMask = 2147483647;
			files = (
				454CECC729309633001C5723 /* ContentView.swift in Sources */,
				454CECC529309633001C5723 /* ActivityPractiseApp.swift in Sources */,
				454CECEC29309899001C5723 /* TimerAttributes.swift in Sources */,
			);
			runOnlyForDeploymentPostprocessing = 0;
		};
		454CECD22930968D001C5723 /* Sources */ = {
			isa = PBXSourcesBuildPhase;
			buildActionMask = 2147483647;
			files = (
				454CECE02930968D001C5723 /* PracticeWidget.swift in Sources */,
				454CECDE2930968D001C5723 /* PracticeWidgetBundle.swift in Sources */,
				454CECED29309906001C5723 /* TimerAttributes.swift in Sources */,
			);
			runOnlyForDeploymentPostprocessing = 0;
		};
/* End PBXSourcesBuildPhase section */

/* Begin PBXTargetDependency section */
		454CECE52930968E001C5723 /* PBXTargetDependency */ = {
			isa = PBXTargetDependency;
			target = 454CECD52930968D001C5723 /* PracticeWidgetExtension */;
			targetProxy = 454CECE42930968E001C5723 /* PBXContainerItemProxy */;
		};
/* End PBXTargetDependency section */

/* Begin XCBuildConfiguration section */
		454CECCD29309634001C5723 /* Debug */ = {
			isa = XCBuildConfiguration;
			buildSettings = {
				ALWAYS_SEARCH_USER_PATHS = NO;
				CLANG_ANALYZER_NONNULL = YES;
				CLANG_ANALYZER_NUMBER_OBJECT_CONVERSION = YES_AGGRESSIVE;
				CLANG_CXX_LANGUAGE_STANDARD = "gnu++20";
				CLANG_ENABLE_MODULES = YES;
				CLANG_ENABLE_OBJC_ARC = YES;
				CLANG_ENABLE_OBJC_WEAK = YES;
				CLANG_WARN_BLOCK_CAPTURE_AUTORELEASING = YES;
				CLANG_WARN_BOOL_CONVERSION = YES;
				CLANG_WARN_COMMA = YES;
				CLANG_WARN_CONSTANT_CONVERSION = YES;
				CLANG_WARN_DEPRECATED_OBJC_IMPLEMENTATIONS = YES;
				CLANG_WARN_DIRECT_OBJC_ISA_USAGE = YES_ERROR;
				CLANG_WARN_DOCUMENTATION_COMMENTS = YES;
				CLANG_WARN_EMPTY_BODY = YES;
				CLANG_WARN_ENUM_CONVERSION = YES;
				CLANG_WARN_INFINITE_RECURSION = YES;
				CLANG_WARN_INT_CONVERSION = YES;
				CLANG_WARN_NON_LITERAL_NULL_CONVERSION = YES;
				CLANG_WARN_OBJC_IMPLICIT_RETAIN_SELF = YES;
				CLANG_WARN_OBJC_LITERAL_CONVERSION = YES;
				CLANG_WARN_OBJC_ROOT_CLASS = YES_ERROR;
				CLANG_WARN_QUOTED_INCLUDE_IN_FRAMEWORK_HEADER = YES;
				CLANG_WARN_RANGE_LOOP_ANALYSIS = YES;
				CLANG_WARN_STRICT_PROTOTYPES = YES;
				CLANG_WARN_SUSPICIOUS_MOVE = YES;
				CLANG_WARN_UNGUARDED_AVAILABILITY = YES_AGGRESSIVE;
				CLANG_WARN_UNREACHABLE_CODE = YES;
				CLANG_WARN__DUPLICATE_METHOD_MATCH = YES;
				COPY_PHASE_STRIP = NO;
				DEBUG_INFORMATION_FORMAT = dwarf;
				ENABLE_STRICT_OBJC_MSGSEND = YES;
				ENABLE_TESTABILITY = YES;
				GCC_C_LANGUAGE_STANDARD = gnu11;
				GCC_DYNAMIC_NO_PIC = NO;
				GCC_NO_COMMON_BLOCKS = YES;
				GCC_OPTIMIZATION_LEVEL = 0;
				GCC_PREPROCESSOR_DEFINITIONS = (
					"DEBUG=1",
					"$(inherited)",
				);
				GCC_WARN_64_TO_32_BIT_CONVERSION = YES;
				GCC_WARN_ABOUT_RETURN_TYPE = YES_ERROR;
				GCC_WARN_UNDECLARED_SELECTOR = YES;
				GCC_WARN_UNINITIALIZED_AUTOS = YES_AGGRESSIVE;
				GCC_WARN_UNUSED_FUNCTION = YES;
				GCC_WARN_UNUSED_VARIABLE = YES;
				IPHONEOS_DEPLOYMENT_TARGET = 16.1;
				MTL_ENABLE_DEBUG_INFO = INCLUDE_SOURCE;
				MTL_FAST_MATH = YES;
				ONLY_ACTIVE_ARCH = YES;
				SDKROOT = iphoneos;
				SWIFT_ACTIVE_COMPILATION_CONDITIONS = DEBUG;
				SWIFT_OPTIMIZATION_LEVEL = "-Onone";
			};
			name = Debug;
		};
		454CECCE29309634001C5723 /* Release */ = {
			isa = XCBuildConfiguration;
			buildSettings = {
				ALWAYS_SEARCH_USER_PATHS = NO;
				CLANG_ANALYZER_NONNULL = YES;
				CLANG_ANALYZER_NUMBER_OBJECT_CONVERSION = YES_AGGRESSIVE;
				CLANG_CXX_LANGUAGE_STANDARD = "gnu++20";
				CLANG_ENABLE_MODULES = YES;
				CLANG_ENABLE_OBJC_ARC = YES;
				CLANG_ENABLE_OBJC_WEAK = YES;
				CLANG_WARN_BLOCK_CAPTURE_AUTORELEASING = YES;
				CLANG_WARN_BOOL_CONVERSION = YES;
				CLANG_WARN_COMMA = YES;
				CLANG_WARN_CONSTANT_CONVERSION = YES;
				CLANG_WARN_DEPRECATED_OBJC_IMPLEMENTATIONS = YES;
				CLANG_WARN_DIRECT_OBJC_ISA_USAGE = YES_ERROR;
				CLANG_WARN_DOCUMENTATION_COMMENTS = YES;
				CLANG_WARN_EMPTY_BODY = YES;
				CLANG_WARN_ENUM_CONVERSION = YES;
				CLANG_WARN_INFINITE_RECURSION = YES;
				CLANG_WARN_INT_CONVERSION = YES;
				CLANG_WARN_NON_LITERAL_NULL_CONVERSION = YES;
				CLANG_WARN_OBJC_IMPLICIT_RETAIN_SELF = YES;
				CLANG_WARN_OBJC_LITERAL_CONVERSION = YES;
				CLANG_WARN_OBJC_ROOT_CLASS = YES_ERROR;
				CLANG_WARN_QUOTED_INCLUDE_IN_FRAMEWORK_HEADER = YES;
				CLANG_WARN_RANGE_LOOP_ANALYSIS = YES;
				CLANG_WARN_STRICT_PROTOTYPES = YES;
				CLANG_WARN_SUSPICIOUS_MOVE = YES;
				CLANG_WARN_UNGUARDED_AVAILABILITY = YES_AGGRESSIVE;
				CLANG_WARN_UNREACHABLE_CODE = YES;
				CLANG_WARN__DUPLICATE_METHOD_MATCH = YES;
				COPY_PHASE_STRIP = NO;
				DEBUG_INFORMATION_FORMAT = "dwarf-with-dsym";
				ENABLE_NS_ASSERTIONS = NO;
				ENABLE_STRICT_OBJC_MSGSEND = YES;
				GCC_C_LANGUAGE_STANDARD = gnu11;
				GCC_NO_COMMON_BLOCKS = YES;
				GCC_WARN_64_TO_32_BIT_CONVERSION = YES;
				GCC_WARN_ABOUT_RETURN_TYPE = YES_ERROR;
				GCC_WARN_UNDECLARED_SELECTOR = YES;
				GCC_WARN_UNINITIALIZED_AUTOS = YES_AGGRESSIVE;
				GCC_WARN_UNUSED_FUNCTION = YES;
				GCC_WARN_UNUSED_VARIABLE = YES;
				IPHONEOS_DEPLOYMENT_TARGET = 16.1;
				MTL_ENABLE_DEBUG_INFO = NO;
				MTL_FAST_MATH = YES;
				SDKROOT = iphoneos;
				SWIFT_COMPILATION_MODE = wholemodule;
				SWIFT_OPTIMIZATION_LEVEL = "-O";
				VALIDATE_PRODUCT = YES;
			};
			name = Release;
		};
		454CECD029309634001C5723 /* Debug */ = {
			isa = XCBuildConfiguration;
			buildSettings = {
				ALWAYS_EMBED_SWIFT_STANDARD_LIBRARIES = YES;
				ASSETCATALOG_COMPILER_APPICON_NAME = AppIcon;
				ASSETCATALOG_COMPILER_GLOBAL_ACCENT_COLOR_NAME = AccentColor;
				CODE_SIGN_STYLE = Automatic;
				CURRENT_PROJECT_VERSION = 1;
				DEVELOPMENT_ASSET_PATHS = "\"ActivityPractise/Preview Content\"";
				ENABLE_PREVIEWS = YES;
				GENERATE_INFOPLIST_FILE = YES;
				INFOPLIST_KEY_NSSupportsLiveActivities = YES;
				INFOPLIST_KEY_UIApplicationSceneManifest_Generation = YES;
				INFOPLIST_KEY_UIApplicationSupportsIndirectInputEvents = YES;
				INFOPLIST_KEY_UILaunchScreen_Generation = YES;
				INFOPLIST_KEY_UISupportedInterfaceOrientations_iPad = "UIInterfaceOrientationPortrait UIInterfaceOrientationPortraitUpsideDown UIInterfaceOrientationLandscapeLeft UIInterfaceOrientationLandscapeRight";
				INFOPLIST_KEY_UISupportedInterfaceOrientations_iPhone = "UIInterfaceOrientationPortrait UIInterfaceOrientationLandscapeLeft UIInterfaceOrientationLandscapeRight";
				LD_RUNPATH_SEARCH_PATHS = (
					"$(inherited)",
					"@executable_path/Frameworks",
				);
				MARKETING_VERSION = 1.0;
				PRODUCT_BUNDLE_IDENTIFIER = test.ActivityPractise;
				PRODUCT_NAME = "$(TARGET_NAME)";
				SWIFT_EMIT_LOC_STRINGS = YES;
				SWIFT_VERSION = 5.0;
				TARGETED_DEVICE_FAMILY = "1,2";
			};
			name = Debug;
		};
		454CECD129309634001C5723 /* Release */ = {
			isa = XCBuildConfiguration;
			buildSettings = {
				ALWAYS_EMBED_SWIFT_STANDARD_LIBRARIES = YES;
				ASSETCATALOG_COMPILER_APPICON_NAME = AppIcon;
				ASSETCATALOG_COMPILER_GLOBAL_ACCENT_COLOR_NAME = AccentColor;
				CODE_SIGN_STYLE = Automatic;
				CURRENT_PROJECT_VERSION = 1;
				DEVELOPMENT_ASSET_PATHS = "\"ActivityPractise/Preview Content\"";
				ENABLE_PREVIEWS = YES;
				GENERATE_INFOPLIST_FILE = YES;
				INFOPLIST_KEY_NSSupportsLiveActivities = YES;
				INFOPLIST_KEY_UIApplicationSceneManifest_Generation = YES;
				INFOPLIST_KEY_UIApplicationSupportsIndirectInputEvents = YES;
				INFOPLIST_KEY_UILaunchScreen_Generation = YES;
				INFOPLIST_KEY_UISupportedInterfaceOrientations_iPad = "UIInterfaceOrientationPortrait UIInterfaceOrientationPortraitUpsideDown UIInterfaceOrientationLandscapeLeft UIInterfaceOrientationLandscapeRight";
				INFOPLIST_KEY_UISupportedInterfaceOrientations_iPhone = "UIInterfaceOrientationPortrait UIInterfaceOrientationLandscapeLeft UIInterfaceOrientationLandscapeRight";
				LD_RUNPATH_SEARCH_PATHS = (
					"$(inherited)",
					"@executable_path/Frameworks",
				);
				MARKETING_VERSION = 1.0;
				PRODUCT_BUNDLE_IDENTIFIER = test.ActivityPractise;
				PRODUCT_NAME = "$(TARGET_NAME)";
				SWIFT_EMIT_LOC_STRINGS = YES;
				SWIFT_VERSION = 5.0;
				TARGETED_DEVICE_FAMILY = "1,2";
			};
			name = Release;
		};
		454CECE82930968E001C5723 /* Debug */ = {
			isa = XCBuildConfiguration;
			buildSettings = {
				ASSETCATALOG_COMPILER_GLOBAL_ACCENT_COLOR_NAME = AccentColor;
				ASSETCATALOG_COMPILER_WIDGET_BACKGROUND_COLOR_NAME = WidgetBackground;
				CODE_SIGN_STYLE = Automatic;
				CURRENT_PROJECT_VERSION = 1;
				GENERATE_INFOPLIST_FILE = YES;
				INFOPLIST_FILE = PracticeWidget/Info.plist;
				INFOPLIST_KEY_CFBundleDisplayName = PracticeWidget;
				INFOPLIST_KEY_NSHumanReadableCopyright = "";
				LD_RUNPATH_SEARCH_PATHS = (
					"$(inherited)",
					"@executable_path/Frameworks",
					"@executable_path/../../Frameworks",
				);
				MARKETING_VERSION = 1.0;
				PRODUCT_BUNDLE_IDENTIFIER = test.ActivityPractise.PracticeWidget;
				PRODUCT_NAME = "$(TARGET_NAME)";
				SKIP_INSTALL = YES;
				SWIFT_EMIT_LOC_STRINGS = YES;
				SWIFT_VERSION = 5.0;
				TARGETED_DEVICE_FAMILY = "1,2";
			};
			name = Debug;
		};
		454CECE92930968E001C5723 /* Release */ = {
			isa = XCBuildConfiguration;
			buildSettings = {
				ASSETCATALOG_COMPILER_GLOBAL_ACCENT_COLOR_NAME = AccentColor;
				ASSETCATALOG_COMPILER_WIDGET_BACKGROUND_COLOR_NAME = WidgetBackground;
				CODE_SIGN_STYLE = Automatic;
				CURRENT_PROJECT_VERSION = 1;
				GENERATE_INFOPLIST_FILE = YES;
				INFOPLIST_FILE = PracticeWidget/Info.plist;
				INFOPLIST_KEY_CFBundleDisplayName = PracticeWidget;
				INFOPLIST_KEY_NSHumanReadableCopyright = "";
				LD_RUNPATH_SEARCH_PATHS = (
					"$(inherited)",
					"@executable_path/Frameworks",
					"@executable_path/../../Frameworks",
				);
				MARKETING_VERSION = 1.0;
				PRODUCT_BUNDLE_IDENTIFIER = test.ActivityPractise.PracticeWidget;
				PRODUCT_NAME = "$(TARGET_NAME)";
				SKIP_INSTALL = YES;
				SWIFT_EMIT_LOC_STRINGS = YES;
				SWIFT_VERSION = 5.0;
				TARGETED_DEVICE_FAMILY = "1,2";
			};
			name = Release;
		};
/* End XCBuildConfiguration section */

/* Begin XCConfigurationList section */
		454CECBC29309633001C5723 /* Build configuration list for PBXProject "ActivityPractise" */ = {
			isa = XCConfigurationList;
			buildConfigurations = (
				454CECCD29309634001C5723 /* Debug */,
				454CECCE29309634001C5723 /* Release */,
			);
			defaultConfigurationIsVisible = 0;
			defaultConfigurationName = Release;
		};
		454CECCF29309634001C5723 /* Build configuration list for PBXNativeTarget "ActivityPractise" */ = {
			isa = XCConfigurationList;
			buildConfigurations = (
				454CECD029309634001C5723 /* Debug */,
				454CECD129309634001C5723 /* Release */,
			);
			defaultConfigurationIsVisible = 0;
			defaultConfigurationName = Release;
		};
		454CECE72930968E001C5723 /* Build configuration list for PBXNativeTarget "PracticeWidgetExtension" */ = {
			isa = XCConfigurationList;
			buildConfigurations = (
				454CECE82930968E001C5723 /* Debug */,
				454CECE92930968E001C5723 /* Release */,
			);
			defaultConfigurationIsVisible = 0;
			defaultConfigurationName = Release;
		};
/* End XCConfigurationList section */
	};
	rootObject = 454CECB929309633001C5723 /* Project object */;
}
