// !$*UTF8*$!
{
	archiveVersion = 1;
	classes = {
	};
	objectVersion = 56;
	objects = {

/* Begin PBXBuildFile section */
		45992C5529348F8500796C6B /* LiveActivityDemo2App.swift in Sources */ = {isa = PBXBuildFile; fileRef = 45992C5429348F8500796C6B /* LiveActivityDemo2App.swift */; };
		45992C5729348F8500796C6B /* ContentView.swift in Sources */ = {isa = PBXBuildFile; fileRef = 45992C5629348F8500796C6B /* ContentView.swift */; };
		45992C5929348F8500796C6B /* Assets.xcassets in Resources */ = {isa = PBXBuildFile; fileRef = 45992C5829348F8500796C6B /* Assets.xcassets */; };
		45992C5C29348F8500796C6B /* Preview Assets.xcassets in Resources */ = {isa = PBXBuildFile; fileRef = 45992C5B29348F8500796C6B /* Preview Assets.xcassets */; };
		45992C63293496A500796C6B /* ActivityAttribute.swift in Sources */ = {isa = PBXBuildFile; fileRef = 45992C62293496A500796C6B /* ActivityAttribute.swift */; };
		45992C6B293496D100796C6B /* WidgetKit.framework in Frameworks */ = {isa = PBXBuildFile; fileRef = 45992C6A293496D100796C6B /* WidgetKit.framework */; };
		45992C6D293496D100796C6B /* SwiftUI.framework in Frameworks */ = {isa = PBXBuildFile; fileRef = 45992C6C293496D100796C6B /* SwiftUI.framework */; };
		45992C70293496D100796C6B /* WidgetActivityKitBundle.swift in Sources */ = {isa = PBXBuildFile; fileRef = 45992C6F293496D100796C6B /* WidgetActivityKitBundle.swift */; };
		45992C72293496D100796C6B /* WidgetActivityKit.swift in Sources */ = {isa = PBXBuildFile; fileRef = 45992C71293496D100796C6B /* WidgetActivityKit.swift */; };
		45992C74293496D200796C6B /* Assets.xcassets in Resources */ = {isa = PBXBuildFile; fileRef = 45992C73293496D200796C6B /* Assets.xcassets */; };
		45992C78293496D200796C6B /* WidgetActivityKitExtension.appex in Embed Foundation Extensions */ = {isa = PBXBuildFile; fileRef = 45992C68293496D100796C6B /* WidgetActivityKitExtension.appex */; settings = {ATTRIBUTES = (RemoveHeadersOnCopy, ); }; };
		45992C7D2934970700796C6B /* ActivityAttribute.swift in Sources */ = {isa = PBXBuildFile; fileRef = 45992C62293496A500796C6B /* ActivityAttribute.swift */; };
		45992C7F29349D2A00796C6B /* Constants.swift in Sources */ = {isa = PBXBuildFile; fileRef = 45992C7E29349D2A00796C6B /* Constants.swift */; };
		45992C8029349D2A00796C6B /* Constants.swift in Sources */ = {isa = PBXBuildFile; fileRef = 45992C7E29349D2A00796C6B /* Constants.swift */; };
/* End PBXBuildFile section */

/* Begin PBXContainerItemProxy section */
		45992C76293496D200796C6B /* PBXContainerItemProxy */ = {
			isa = PBXContainerItemProxy;
			containerPortal = 45992C4929348F8400796C6B /* Project object */;
			proxyType = 1;
			remoteGlobalIDString = 45992C67293496D100796C6B;
			remoteInfo = WidgetActivityKitExtension;
		};
/* End PBXContainerItemProxy section */

/* Begin PBXCopyFilesBuildPhase section */
		45992C7C293496D200796C6B /* Embed Foundation Extensions */ = {
			isa = PBXCopyFilesBuildPhase;
			buildActionMask = 2147483647;
			dstPath = "";
			dstSubfolderSpec = 13;
			files = (
				45992C78293496D200796C6B /* WidgetActivityKitExtension.appex in Embed Foundation Extensions */,
			);
			name = "Embed Foundation Extensions";
			runOnlyForDeploymentPostprocessing = 0;
		};
/* End PBXCopyFilesBuildPhase section */

/* Begin PBXFileReference section */
		45992C5129348F8500796C6B /* LiveActivityDemo2.app */ = {isa = PBXFileReference; explicitFileType = wrapper.application; includeInIndex = 0; path = LiveActivityDemo2.app; sourceTree = BUILT_PRODUCTS_DIR; };
		45992C5429348F8500796C6B /* LiveActivityDemo2App.swift */ = {isa = PBXFileReference; lastKnownFileType = sourcecode.swift; path = LiveActivityDemo2App.swift; sourceTree = "<group>"; };
		45992C5629348F8500796C6B /* ContentView.swift */ = {isa = PBXFileReference; lastKnownFileType = sourcecode.swift; path = ContentView.swift; sourceTree = "<group>"; };
		45992C5829348F8500796C6B /* Assets.xcassets */ = {isa = PBXFileReference; lastKnownFileType = folder.assetcatalog; path = Assets.xcassets; sourceTree = "<group>"; };
		45992C5B29348F8500796C6B /* Preview Assets.xcassets */ = {isa = PBXFileReference; lastKnownFileType = folder.assetcatalog; path = "Preview Assets.xcassets"; sourceTree = "<group>"; };
		45992C62293496A500796C6B /* ActivityAttribute.swift */ = {isa = PBXFileReference; lastKnownFileType = sourcecode.swift; path = ActivityAttribute.swift; sourceTree = "<group>"; };
		45992C68293496D100796C6B /* WidgetActivityKitExtension.appex */ = {isa = PBXFileReference; explicitFileType = "wrapper.app-extension"; includeInIndex = 0; path = WidgetActivityKitExtension.appex; sourceTree = BUILT_PRODUCTS_DIR; };
		45992C6A293496D100796C6B /* WidgetKit.framework */ = {isa = PBXFileReference; lastKnownFileType = wrapper.framework; name = WidgetKit.framework; path = System/Library/Frameworks/WidgetKit.framework; sourceTree = SDKROOT; };
		45992C6C293496D100796C6B /* SwiftUI.framework */ = {isa = PBXFileReference; lastKnownFileType = wrapper.framework; name = SwiftUI.framework; path = System/Library/Frameworks/SwiftUI.framework; sourceTree = SDKROOT; };
		45992C6F293496D100796C6B /* WidgetActivityKitBundle.swift */ = {isa = PBXFileReference; lastKnownFileType = sourcecode.swift; path = WidgetActivityKitBundle.swift; sourceTree = "<group>"; };
		45992C71293496D100796C6B /* WidgetActivityKit.swift */ = {isa = PBXFileReference; lastKnownFileType = sourcecode.swift; path = WidgetActivityKit.swift; sourceTree = "<group>"; };
		45992C73293496D200796C6B /* Assets.xcassets */ = {isa = PBXFileReference; lastKnownFileType = folder.assetcatalog; path = Assets.xcassets; sourceTree = "<group>"; };
		45992C75293496D200796C6B /* Info.plist */ = {isa = PBXFileReference; lastKnownFileType = text.plist.xml; path = Info.plist; sourceTree = "<group>"; };
		45992C7E29349D2A00796C6B /* Constants.swift */ = {isa = PBXFileReference; lastKnownFileType = sourcecode.swift; path = Constants.swift; sourceTree = "<group>"; };
/* End PBXFileReference section */

/* Begin PBXFrameworksBuildPhase section */
		45992C4E29348F8500796C6B /* Frameworks */ = {
			isa = PBXFrameworksBuildPhase;
			buildActionMask = 2147483647;
			files = (
			);
			runOnlyForDeploymentPostprocessing = 0;
		};
		45992C65293496D100796C6B /* Frameworks */ = {
			isa = PBXFrameworksBuildPhase;
			buildActionMask = 2147483647;
			files = (
				45992C6D293496D100796C6B /* SwiftUI.framework in Frameworks */,
				45992C6B293496D100796C6B /* WidgetKit.framework in Frameworks */,
			);
			runOnlyForDeploymentPostprocessing = 0;
		};
/* End PBXFrameworksBuildPhase section */

/* Begin PBXGroup section */
		45992C4829348F8400796C6B = {
			isa = PBXGroup;
			children = (
				45992C5329348F8500796C6B /* LiveActivityDemo2 */,
				45992C6E293496D100796C6B /* WidgetActivityKit */,
				45992C69293496D100796C6B /* Frameworks */,
				45992C5229348F8500796C6B /* Products */,
			);
			sourceTree = "<group>";
		};
		45992C5229348F8500796C6B /* Products */ = {
			isa = PBXGroup;
			children = (
				45992C5129348F8500796C6B /* LiveActivityDemo2.app */,
				45992C68293496D100796C6B /* WidgetActivityKitExtension.appex */,
			);
			name = Products;
			sourceTree = "<group>";
		};
		45992C5329348F8500796C6B /* LiveActivityDemo2 */ = {
			isa = PBXGroup;
			children = (
				45992C5429348F8500796C6B /* LiveActivityDemo2App.swift */,
				45992C5629348F8500796C6B /* ContentView.swift */,
				45992C5829348F8500796C6B /* Assets.xcassets */,
				45992C5A29348F8500796C6B /* Preview Content */,
				45992C62293496A500796C6B /* ActivityAttribute.swift */,
				45992C7E29349D2A00796C6B /* Constants.swift */,
			);
			path = LiveActivityDemo2;
			sourceTree = "<group>";
		};
		45992C5A29348F8500796C6B /* Preview Content */ = {
			isa = PBXGroup;
			children = (
				45992C5B29348F8500796C6B /* Preview Assets.xcassets */,
			);
			path = "Preview Content";
			sourceTree = "<group>";
		};
		45992C69293496D100796C6B /* Frameworks */ = {
			isa = PBXGroup;
			children = (
				45992C6A293496D100796C6B /* WidgetKit.framework */,
				45992C6C293496D100796C6B /* SwiftUI.framework */,
			);
			name = Frameworks;
			sourceTree = "<group>";
		};
		45992C6E293496D100796C6B /* WidgetActivityKit */ = {
			isa = PBXGroup;
			children = (
				45992C6F293496D100796C6B /* WidgetActivityKitBundle.swift */,
				45992C71293496D100796C6B /* WidgetActivityKit.swift */,
				45992C73293496D200796C6B /* Assets.xcassets */,
				45992C75293496D200796C6B /* Info.plist */,
			);
			path = WidgetActivityKit;
			sourceTree = "<group>";
		};
/* End PBXGroup section */

/* Begin PBXNativeTarget section */
		45992C5029348F8500796C6B /* LiveActivityDemo2 */ = {
			isa = PBXNativeTarget;
			buildConfigurationList = 45992C5F29348F8500796C6B /* Build configuration list for PBXNativeTarget "LiveActivityDemo2" */;
			buildPhases = (
				45992C4D29348F8500796C6B /* Sources */,
				45992C4E29348F8500796C6B /* Frameworks */,
				45992C4F29348F8500796C6B /* Resources */,
				45992C7C293496D200796C6B /* Embed Foundation Extensions */,
			);
			buildRules = (
			);
			dependencies = (
				45992C77293496D200796C6B /* PBXTargetDependency */,
			);
			name = LiveActivityDemo2;
			productName = LiveActivityDemo2;
			productReference = 45992C5129348F8500796C6B /* LiveActivityDemo2.app */;
			productType = "com.apple.product-type.application";
		};
		45992C67293496D100796C6B /* WidgetActivityKitExtension */ = {
			isa = PBXNativeTarget;
			buildConfigurationList = 45992C79293496D200796C6B /* Build configuration list for PBXNativeTarget "WidgetActivityKitExtension" */;
			buildPhases = (
				45992C64293496D100796C6B /* Sources */,
				45992C65293496D100796C6B /* Frameworks */,
				45992C66293496D100796C6B /* Resources */,
			);
			buildRules = (
			);
			dependencies = (
			);
			name = WidgetActivityKitExtension;
			productName = WidgetActivityKitExtension;
			productReference = 45992C68293496D100796C6B /* WidgetActivityKitExtension.appex */;
			productType = "com.apple.product-type.app-extension";
		};
/* End PBXNativeTarget section */

/* Begin PBXProject section */
		45992C4929348F8400796C6B /* Project object */ = {
			isa = PBXProject;
			attributes = {
				BuildIndependentTargetsInParallel = 1;
				LastSwiftUpdateCheck = 1410;
				LastUpgradeCheck = 1410;
				TargetAttributes = {
					45992C5029348F8500796C6B = {
						CreatedOnToolsVersion = 14.1;
					};
					45992C67293496D100796C6B = {
						CreatedOnToolsVersion = 14.1;
					};
				};
			};
			buildConfigurationList = 45992C4C29348F8400796C6B /* Build configuration list for PBXProject "LiveActivityDemo2" */;
			compatibilityVersion = "Xcode 14.0";
			developmentRegion = en;
			hasScannedForEncodings = 0;
			knownRegions = (
				en,
				Base,
			);
			mainGroup = 45992C4829348F8400796C6B;
			productRefGroup = 45992C5229348F8500796C6B /* Products */;
			projectDirPath = "";
			projectRoot = "";
			targets = (
				45992C5029348F8500796C6B /* LiveActivityDemo2 */,
				45992C67293496D100796C6B /* WidgetActivityKitExtension */,
			);
		};
/* End PBXProject section */

/* Begin PBXResourcesBuildPhase section */
		45992C4F29348F8500796C6B /* Resources */ = {
			isa = PBXResourcesBuildPhase;
			buildActionMask = 2147483647;
			files = (
				45992C5C29348F8500796C6B /* Preview Assets.xcassets in Resources */,
				45992C5929348F8500796C6B /* Assets.xcassets in Resources */,
			);
			runOnlyForDeploymentPostprocessing = 0;
		};
		45992C66293496D100796C6B /* Resources */ = {
			isa = PBXResourcesBuildPhase;
			buildActionMask = 2147483647;
			files = (
				45992C74293496D200796C6B /* Assets.xcassets in Resources */,
			);
			runOnlyForDeploymentPostprocessing = 0;
		};
/* End PBXResourcesBuildPhase section */

/* Begin PBXSourcesBuildPhase section */
		45992C4D29348F8500796C6B /* Sources */ = {
			isa = PBXSourcesBuildPhase;
			buildActionMask = 2147483647;
			files = (
				45992C5729348F8500796C6B /* ContentView.swift in Sources */,
				45992C5529348F8500796C6B /* LiveActivityDemo2App.swift in Sources */,
				45992C63293496A500796C6B /* ActivityAttribute.swift in Sources */,
				45992C7F29349D2A00796C6B /* Constants.swift in Sources */,
			);
			runOnlyForDeploymentPostprocessing = 0;
		};
		45992C64293496D100796C6B /* Sources */ = {
			isa = PBXSourcesBuildPhase;
			buildActionMask = 2147483647;
			files = (
				45992C70293496D100796C6B /* WidgetActivityKitBundle.swift in Sources */,
				45992C72293496D100796C6B /* WidgetActivityKit.swift in Sources */,
				45992C7D2934970700796C6B /* ActivityAttribute.swift in Sources */,
				45992C8029349D2A00796C6B /* Constants.swift in Sources */,
			);
			runOnlyForDeploymentPostprocessing = 0;
		};
/* End PBXSourcesBuildPhase section */

/* Begin PBXTargetDependency section */
		45992C77293496D200796C6B /* PBXTargetDependency */ = {
			isa = PBXTargetDependency;
			target = 45992C67293496D100796C6B /* WidgetActivityKitExtension */;
			targetProxy = 45992C76293496D200796C6B /* PBXContainerItemProxy */;
		};
/* End PBXTargetDependency section */

/* Begin XCBuildConfiguration section */
		45992C5D29348F8500796C6B /* Debug */ = {
			isa = XCBuildConfiguration;
			buildSettings = {
				ALWAYS_SEARCH_USER_PATHS = NO;
				CLANG_ANALYZER_NONNULL = YES;
				CLANG_ANALYZER_NUMBER_OBJECT_CONVERSION = YES_AGGRESSIVE;
				CLANG_CXX_LANGUAGE_STANDARD = "gnu++20";
				CLANG_ENABLE_MODULES = YES;
				CLANG_ENABLE_OBJC_ARC = YES;
				CLANG_ENABLE_OBJC_WEAK = YES;
				CLANG_WARN_BLOCK_CAPTURE_AUTORELEASING = YES;
				CLANG_WARN_BOOL_CONVERSION = YES;
				CLANG_WARN_COMMA = YES;
				CLANG_WARN_CONSTANT_CONVERSION = YES;
				CLANG_WARN_DEPRECATED_OBJC_IMPLEMENTATIONS = YES;
				CLANG_WARN_DIRECT_OBJC_ISA_USAGE = YES_ERROR;
				CLANG_WARN_DOCUMENTATION_COMMENTS = YES;
				CLANG_WARN_EMPTY_BODY = YES;
				CLANG_WARN_ENUM_CONVERSION = YES;
				CLANG_WARN_INFINITE_RECURSION = YES;
				CLANG_WARN_INT_CONVERSION = YES;
				CLANG_WARN_NON_LITERAL_NULL_CONVERSION = YES;
				CLANG_WARN_OBJC_IMPLICIT_RETAIN_SELF = YES;
				CLANG_WARN_OBJC_LITERAL_CONVERSION = YES;
				CLANG_WARN_OBJC_ROOT_CLASS = YES_ERROR;
				CLANG_WARN_QUOTED_INCLUDE_IN_FRAMEWORK_HEADER = YES;
				CLANG_WARN_RANGE_LOOP_ANALYSIS = YES;
				CLANG_WARN_STRICT_PROTOTYPES = YES;
				CLANG_WARN_SUSPICIOUS_MOVE = YES;
				CLANG_WARN_UNGUARDED_AVAILABILITY = YES_AGGRESSIVE;
				CLANG_WARN_UNREACHABLE_CODE = YES;
				CLANG_WARN__DUPLICATE_METHOD_MATCH = YES;
				COPY_PHASE_STRIP = NO;
				DEBUG_INFORMATION_FORMAT = dwarf;
				ENABLE_STRICT_OBJC_MSGSEND = YES;
				ENABLE_TESTABILITY = YES;
				GCC_C_LANGUAGE_STANDARD = gnu11;
				GCC_DYNAMIC_NO_PIC = NO;
				GCC_NO_COMMON_BLOCKS = YES;
				GCC_OPTIMIZATION_LEVEL = 0;
				GCC_PREPROCESSOR_DEFINITIONS = (
					"DEBUG=1",
					"$(inherited)",
				);
				GCC_WARN_64_TO_32_BIT_CONVERSION = YES;
				GCC_WARN_ABOUT_RETURN_TYPE = YES_ERROR;
				GCC_WARN_UNDECLARED_SELECTOR = YES;
				GCC_WARN_UNINITIALIZED_AUTOS = YES_AGGRESSIVE;
				GCC_WARN_UNUSED_FUNCTION = YES;
				GCC_WARN_UNUSED_VARIABLE = YES;
				IPHONEOS_DEPLOYMENT_TARGET = 16.1;
				MTL_ENABLE_DEBUG_INFO = INCLUDE_SOURCE;
				MTL_FAST_MATH = YES;
				ONLY_ACTIVE_ARCH = YES;
				SDKROOT = iphoneos;
				SWIFT_ACTIVE_COMPILATION_CONDITIONS = DEBUG;
				SWIFT_OPTIMIZATION_LEVEL = "-Onone";
			};
			name = Debug;
		};
		45992C5E29348F8500796C6B /* Release */ = {
			isa = XCBuildConfiguration;
			buildSettings = {
				ALWAYS_SEARCH_USER_PATHS = NO;
				CLANG_ANALYZER_NONNULL = YES;
				CLANG_ANALYZER_NUMBER_OBJECT_CONVERSION = YES_AGGRESSIVE;
				CLANG_CXX_LANGUAGE_STANDARD = "gnu++20";
				CLANG_ENABLE_MODULES = YES;
				CLANG_ENABLE_OBJC_ARC = YES;
				CLANG_ENABLE_OBJC_WEAK = YES;
				CLANG_WARN_BLOCK_CAPTURE_AUTORELEASING = YES;
				CLANG_WARN_BOOL_CONVERSION = YES;
				CLANG_WARN_COMMA = YES;
				CLANG_WARN_CONSTANT_CONVERSION = YES;
				CLANG_WARN_DEPRECATED_OBJC_IMPLEMENTATIONS = YES;
				CLANG_WARN_DIRECT_OBJC_ISA_USAGE = YES_ERROR;
				CLANG_WARN_DOCUMENTATION_COMMENTS = YES;
				CLANG_WARN_EMPTY_BODY = YES;
				CLANG_WARN_ENUM_CONVERSION = YES;
				CLANG_WARN_INFINITE_RECURSION = YES;
				CLANG_WARN_INT_CONVERSION = YES;
				CLANG_WARN_NON_LITERAL_NULL_CONVERSION = YES;
				CLANG_WARN_OBJC_IMPLICIT_RETAIN_SELF = YES;
				CLANG_WARN_OBJC_LITERAL_CONVERSION = YES;
				CLANG_WARN_OBJC_ROOT_CLASS = YES_ERROR;
				CLANG_WARN_QUOTED_INCLUDE_IN_FRAMEWORK_HEADER = YES;
				CLANG_WARN_RANGE_LOOP_ANALYSIS = YES;
				CLANG_WARN_STRICT_PROTOTYPES = YES;
				CLANG_WARN_SUSPICIOUS_MOVE = YES;
				CLANG_WARN_UNGUARDED_AVAILABILITY = YES_AGGRESSIVE;
				CLANG_WARN_UNREACHABLE_CODE = YES;
				CLANG_WARN__DUPLICATE_METHOD_MATCH = YES;
				COPY_PHASE_STRIP = NO;
				DEBUG_INFORMATION_FORMAT = "dwarf-with-dsym";
				ENABLE_NS_ASSERTIONS = NO;
				ENABLE_STRICT_OBJC_MSGSEND = YES;
				GCC_C_LANGUAGE_STANDARD = gnu11;
				GCC_NO_COMMON_BLOCKS = YES;
				GCC_WARN_64_TO_32_BIT_CONVERSION = YES;
				GCC_WARN_ABOUT_RETURN_TYPE = YES_ERROR;
				GCC_WARN_UNDECLARED_SELECTOR = YES;
				GCC_WARN_UNINITIALIZED_AUTOS = YES_AGGRESSIVE;
				GCC_WARN_UNUSED_FUNCTION = YES;
				GCC_WARN_UNUSED_VARIABLE = YES;
				IPHONEOS_DEPLOYMENT_TARGET = 16.1;
				MTL_ENABLE_DEBUG_INFO = NO;
				MTL_FAST_MATH = YES;
				SDKROOT = iphoneos;
				SWIFT_COMPILATION_MODE = wholemodule;
				SWIFT_OPTIMIZATION_LEVEL = "-O";
				VALIDATE_PRODUCT = YES;
			};
			name = Release;
		};
		45992C6029348F8500796C6B /* Debug */ = {
			isa = XCBuildConfiguration;
			buildSettings = {
				ALWAYS_EMBED_SWIFT_STANDARD_LIBRARIES = YES;
				ASSETCATALOG_COMPILER_APPICON_NAME = AppIcon;
				ASSETCATALOG_COMPILER_GLOBAL_ACCENT_COLOR_NAME = AccentColor;
				CODE_SIGN_STYLE = Automatic;
				CURRENT_PROJECT_VERSION = 1;
				DEVELOPMENT_ASSET_PATHS = "\"LiveActivityDemo2/Preview Content\"";
				ENABLE_PREVIEWS = YES;
				GENERATE_INFOPLIST_FILE = YES;
				INFOPLIST_KEY_NSSupportsLiveActivities = YES;
				INFOPLIST_KEY_UIApplicationSceneManifest_Generation = YES;
				INFOPLIST_KEY_UIApplicationSupportsIndirectInputEvents = YES;
				INFOPLIST_KEY_UILaunchScreen_Generation = YES;
				INFOPLIST_KEY_UISupportedInterfaceOrientations_iPad = "UIInterfaceOrientationPortrait UIInterfaceOrientationPortraitUpsideDown UIInterfaceOrientationLandscapeLeft UIInterfaceOrientationLandscapeRight";
				INFOPLIST_KEY_UISupportedInterfaceOrientations_iPhone = "UIInterfaceOrientationPortrait UIInterfaceOrientationLandscapeLeft UIInterfaceOrientationLandscapeRight";
				LD_RUNPATH_SEARCH_PATHS = (
					"$(inherited)",
					"@executable_path/Frameworks",
				);
				MARKETING_VERSION = 1.0;
				PRODUCT_BUNDLE_IDENTIFIER = test.LiveActivityDemo2;
				PRODUCT_NAME = "$(TARGET_NAME)";
				SWIFT_EMIT_LOC_STRINGS = YES;
				SWIFT_VERSION = 5.0;
				TARGETED_DEVICE_FAMILY = "1,2";
			};
			name = Debug;
		};
		45992C6129348F8500796C6B /* Release */ = {
			isa = XCBuildConfiguration;
			buildSettings = {
				ALWAYS_EMBED_SWIFT_STANDARD_LIBRARIES = YES;
				ASSETCATALOG_COMPILER_APPICON_NAME = AppIcon;
				ASSETCATALOG_COMPILER_GLOBAL_ACCENT_COLOR_NAME = AccentColor;
				CODE_SIGN_STYLE = Automatic;
				CURRENT_PROJECT_VERSION = 1;
				DEVELOPMENT_ASSET_PATHS = "\"LiveActivityDemo2/Preview Content\"";
				ENABLE_PREVIEWS = YES;
				GENERATE_INFOPLIST_FILE = YES;
				INFOPLIST_KEY_NSSupportsLiveActivities = YES;
				INFOPLIST_KEY_UIApplicationSceneManifest_Generation = YES;
				INFOPLIST_KEY_UIApplicationSupportsIndirectInputEvents = YES;
				INFOPLIST_KEY_UILaunchScreen_Generation = YES;
				INFOPLIST_KEY_UISupportedInterfaceOrientations_iPad = "UIInterfaceOrientationPortrait UIInterfaceOrientationPortraitUpsideDown UIInterfaceOrientationLandscapeLeft UIInterfaceOrientationLandscapeRight";
				INFOPLIST_KEY_UISupportedInterfaceOrientations_iPhone = "UIInterfaceOrientationPortrait UIInterfaceOrientationLandscapeLeft UIInterfaceOrientationLandscapeRight";
				LD_RUNPATH_SEARCH_PATHS = (
					"$(inherited)",
					"@executable_path/Frameworks",
				);
				MARKETING_VERSION = 1.0;
				PRODUCT_BUNDLE_IDENTIFIER = test.LiveActivityDemo2;
				PRODUCT_NAME = "$(TARGET_NAME)";
				SWIFT_EMIT_LOC_STRINGS = YES;
				SWIFT_VERSION = 5.0;
				TARGETED_DEVICE_FAMILY = "1,2";
			};
			name = Release;
		};
		45992C7A293496D200796C6B /* Debug */ = {
			isa = XCBuildConfiguration;
			buildSettings = {
				ASSETCATALOG_COMPILER_GLOBAL_ACCENT_COLOR_NAME = AccentColor;
				ASSETCATALOG_COMPILER_WIDGET_BACKGROUND_COLOR_NAME = WidgetBackground;
				CODE_SIGN_STYLE = Automatic;
				CURRENT_PROJECT_VERSION = 1;
				GENERATE_INFOPLIST_FILE = YES;
				INFOPLIST_FILE = WidgetActivityKit/Info.plist;
				INFOPLIST_KEY_CFBundleDisplayName = WidgetActivityKit;
				INFOPLIST_KEY_NSHumanReadableCopyright = "";
				LD_RUNPATH_SEARCH_PATHS = (
					"$(inherited)",
					"@executable_path/Frameworks",
					"@executable_path/../../Frameworks",
				);
				MARKETING_VERSION = 1.0;
				PRODUCT_BUNDLE_IDENTIFIER = test.LiveActivityDemo2.WidgetActivityKit;
				PRODUCT_NAME = "$(TARGET_NAME)";
				SKIP_INSTALL = YES;
				SWIFT_EMIT_LOC_STRINGS = YES;
				SWIFT_VERSION = 5.0;
				TARGETED_DEVICE_FAMILY = "1,2";
			};
			name = Debug;
		};
		45992C7B293496D200796C6B /* Release */ = {
			isa = XCBuildConfiguration;
			buildSettings = {
				ASSETCATALOG_COMPILER_GLOBAL_ACCENT_COLOR_NAME = AccentColor;
				ASSETCATALOG_COMPILER_WIDGET_BACKGROUND_COLOR_NAME = WidgetBackground;
				CODE_SIGN_STYLE = Automatic;
				CURRENT_PROJECT_VERSION = 1;
				GENERATE_INFOPLIST_FILE = YES;
				INFOPLIST_FILE = WidgetActivityKit/Info.plist;
				INFOPLIST_KEY_CFBundleDisplayName = WidgetActivityKit;
				INFOPLIST_KEY_NSHumanReadableCopyright = "";
				LD_RUNPATH_SEARCH_PATHS = (
					"$(inherited)",
					"@executable_path/Frameworks",
					"@executable_path/../../Frameworks",
				);
				MARKETING_VERSION = 1.0;
				PRODUCT_BUNDLE_IDENTIFIER = test.LiveActivityDemo2.WidgetActivityKit;
				PRODUCT_NAME = "$(TARGET_NAME)";
				SKIP_INSTALL = YES;
				SWIFT_EMIT_LOC_STRINGS = YES;
				SWIFT_VERSION = 5.0;
				TARGETED_DEVICE_FAMILY = "1,2";
			};
			name = Release;
		};
/* End XCBuildConfiguration section */

/* Begin XCConfigurationList section */
		45992C4C29348F8400796C6B /* Build configuration list for PBXProject "LiveActivityDemo2" */ = {
			isa = XCConfigurationList;
			buildConfigurations = (
				45992C5D29348F8500796C6B /* Debug */,
				45992C5E29348F8500796C6B /* Release */,
			);
			defaultConfigurationIsVisible = 0;
			defaultConfigurationName = Release;
		};
		45992C5F29348F8500796C6B /* Build configuration list for PBXNativeTarget "LiveActivityDemo2" */ = {
			isa = XCConfigurationList;
			buildConfigurations = (
				45992C6029348F8500796C6B /* Debug */,
				45992C6129348F8500796C6B /* Release */,
			);
			defaultConfigurationIsVisible = 0;
			defaultConfigurationName = Release;
		};
		45992C79293496D200796C6B /* Build configuration list for PBXNativeTarget "WidgetActivityKitExtension" */ = {
			isa = XCConfigurationList;
			buildConfigurations = (
				45992C7A293496D200796C6B /* Debug */,
				45992C7B293496D200796C6B /* Release */,
			);
			defaultConfigurationIsVisible = 0;
			defaultConfigurationName = Release;
		};
/* End XCConfigurationList section */
	};
	rootObject = 45992C4929348F8400796C6B /* Project object */;
}
